
Microsoft Visual Studio Solution File, Format Version 12.00
# Visual Studio Version 17
VisualStudioVersion = 17.10.35004.147
MinimumVisualStudioVersion = 10.0.40219.1
Project("{9A19103F-16F7-4668-BE54-9A1E7A4F7556}") = "LearnBlazor", "LearnBlazor\LearnBlazor.csproj", "{2786E7A0-D1B2-4E1A-AC3A-6A0828C0569B}"
EndProject
Global
	GlobalSection(SolutionConfigurationPlatforms) = preSolution
		Debug|Any CPU = Debug|Any CPU
		Release|Any CPU = Release|Any CPU
	EndGlobalSection
	GlobalSection(ProjectConfigurationPlatforms) = postSolution
		{2786E7A0-D1B2-4E1A-AC3A-6A0828C0569B}.Debug|Any CPU.ActiveCfg = Debug|Any CPU
		{2786E7A0-D1B2-4E1A-AC3A-6A0828C0569B}.Debug|Any CPU.Build.0 = Debug|Any CPU
		{2786E7A0-D1B2-4E1A-AC3A-6A0828C0569B}.Release|Any CPU.ActiveCfg = Release|Any CPU
		{2786E7A0-D1B2-4E1A-AC3A-6A0828C0569B}.Release|Any CPU.Build.0 = Release|Any CPU
	EndGlobalSection
	GlobalSection(SolutionProperties) = preSolution
		HideSolutionNode = FALSE
	EndGlobalSection
	GlobalSection(ExtensibilityGlobals) = postSolution
		SolutionGuid = {DC5B5F83-633A-4E54-9C75-5CBA9D98AE06}
	EndGlobalSection
EndGlobal
